
Microsoft Visual Studio Solution File, Format Version 12.00
# Visual Studio Version 17
VisualStudioVersion = 17.11.35312.102
MinimumVisualStudioVersion = 10.0.40219.1
Project("{FAE04EC0-301F-11D3-BF4B-00C04F79EFBC}") = "DineFlow", "DineFlow\DineFlow.csproj", "{8C167029-D9AB-49D0-B929-D238984CAD95}"
EndProject
Project("{FAE04EC0-301F-11D3-BF4B-00C04F79EFBC}") = "DineFlow.Tests", "DineFlow.Tests\DineFlow.Tests.csproj", "{7B4363C3-E483-4BE4-BDC3-2F82162A1AFE}"
EndProject
Global
	GlobalSection(SolutionConfigurationPlatforms) = preSolution
		Debug|Any CPU = Debug|Any CPU
		Release|Any CPU = Release|Any CPU
	EndGlobalSection
	GlobalSection(ProjectConfigurationPlatforms) = postSolution
		{8C167029-D9AB-49D0-B929-D238984CAD95}.Debug|Any CPU.ActiveCfg = Debug|Any CPU
		{8C167029-D9AB-49D0-B929-D238984CAD95}.Debug|Any CPU.Build.0 = Debug|Any CPU
		{8C167029-D9AB-49D0-B929-D238984CAD95}.Release|Any CPU.ActiveCfg = Release|Any CPU
		{8C167029-D9AB-49D0-B929-D238984CAD95}.Release|Any CPU.Build.0 = Release|Any CPU
		{7B4363C3-E483-4BE4-BDC3-2F82162A1AFE}.Debug|Any CPU.ActiveCfg = Debug|Any CPU
		{7B4363C3-E483-4BE4-BDC3-2F82162A1AFE}.Debug|Any CPU.Build.0 = Debug|Any CPU
		{7B4363C3-E483-4BE4-BDC3-2F82162A1AFE}.Release|Any CPU.ActiveCfg = Release|Any CPU
		{7B4363C3-E483-4BE4-BDC3-2F82162A1AFE}.Release|Any CPU.Build.0 = Release|Any CPU
	EndGlobalSection
	GlobalSection(SolutionProperties) = preSolution
		HideSolutionNode = FALSE
	EndGlobalSection
	GlobalSection(ExtensibilityGlobals) = postSolution
		SolutionGuid = {AAA702DC-3782-412A-83AE-3CA199DFBDBB}
	EndGlobalSection
EndGlobal
